PODS:
  - GTMOAuth2 (1.1.0):
    - GTMSessionFetcher (~> 1.1)
  - GTMSessionFetcher (1.1.0):
    - GTMSessionFetcher/Full (= 1.1.0)
  - GTMSessionFetcher/Core (1.1.0)
  - GTMSessionFetcher/Full (1.1.0):
    - GTMSessionFetcher/Core (= 1.1.0)
  - KeychainSwift (3.0.11)
  - mailcore2-ios (0.6.3)

DEPENDENCIES:
  - GTMOAuth2 (from `https://github.com/google/gtm-oauth2.git`, commit `3494d6aa296412632c648ba00f0dd1006fef91fe`)
  - KeychainSwift (~> 3.0)
  - mailcore2-ios

EXTERNAL SOURCES:
  GTMOAuth2:
    :commit: 3494d6aa296412632c648ba00f0dd1006fef91fe
    :git: https://github.com/google/gtm-oauth2.git

CHECKOUT OPTIONS:
  GTMOAuth2:
    :commit: 3494d6aa296412632c648ba00f0dd1006fef91fe
    :git: https://github.com/google/gtm-oauth2.git

SPEC CHECKSUMS:
  GTMOAuth2: b3908247eeeb24b9bc90bd12739b4ef072919297
  GTMSessionFetcher: 5185aaf0dc5d4f532a4e55778d99105c66752159
  KeychainSwift: 0a4214c910423543a42b0f30f25987d46178b6a5
  mailcore2-ios: c4bea2efd276f6f300b4386c70f6460487fa1b76

COCOAPODS: 0.39.0
